
Microsoft Visual Studio Solution File, Format Version 12.00
# Visual Studio Version 16
VisualStudioVersion = 16.0.30711.63
MinimumVisualStudioVersion = 10.0.40219.1
Project("{FAE04EC0-301F-11D3-BF4B-00C04F79EFBC}") = "2nd lab", "2nd lab\2nd lab.csproj", "{014C4DF1-A78E-40DD-870C-1D54A6A4D35E}"
EndProject
Global
	GlobalSection(SolutionConfigurationPlatforms) = preSolution
		Debug|Any CPU = Debug|Any CPU
		Release|Any CPU = Release|Any CPU
	EndGlobalSection
	GlobalSection(ProjectConfigurationPlatforms) = postSolution
		{014C4DF1-A78E-40DD-870C-1D54A6A4D35E}.Debug|Any CPU.ActiveCfg = Debug|Any CPU
		{014C4DF1-A78E-40DD-870C-1D54A6A4D35E}.Debug|Any CPU.Build.0 = Debug|Any CPU
		{014C4DF1-A78E-40DD-870C-1D54A6A4D35E}.Release|Any CPU.ActiveCfg = Release|Any CPU
		{014C4DF1-A78E-40DD-870C-1D54A6A4D35E}.Release|Any CPU.Build.0 = Release|Any CPU
	EndGlobalSection
	GlobalSection(SolutionProperties) = preSolution
		HideSolutionNode = FALSE
	EndGlobalSection
	GlobalSection(ExtensibilityGlobals) = postSolution
		SolutionGuid = {2EEBDB76-1F5F-435A-95C5-D8208A500461}
	EndGlobalSection
EndGlobal
